
Microsoft Visual Studio Solution File, Format Version 12.00
# Visual Studio Version 17
VisualStudioVersion = 17.5.002.0
MinimumVisualStudioVersion = 10.0.40219.1
Project("{9A19103F-16F7-4668-BE54-9A1E7A4F7556}") = "BusinessClockApi", "BusinessClockApi.csproj", "{7A9939A4-770F-4F0C-8859-C0B2DBE3578D}"
EndProject
Global
	GlobalSection(SolutionConfigurationPlatforms) = preSolution
		Debug|Any CPU = Debug|Any CPU
		Release|Any CPU = Release|Any CPU
	EndGlobalSection
	GlobalSection(ProjectConfigurationPlatforms) = postSolution
		{7A9939A4-770F-4F0C-8859-C0B2DBE3578D}.Debug|Any CPU.ActiveCfg = Debug|Any CPU
		{7A9939A4-770F-4F0C-8859-C0B2DBE3578D}.Debug|Any CPU.Build.0 = Debug|Any CPU
		{7A9939A4-770F-4F0C-8859-C0B2DBE3578D}.Release|Any CPU.ActiveCfg = Release|Any CPU
		{7A9939A4-770F-4F0C-8859-C0B2DBE3578D}.Release|Any CPU.Build.0 = Release|Any CPU
	EndGlobalSection
	GlobalSection(SolutionProperties) = preSolution
		HideSolutionNode = FALSE
	EndGlobalSection
	GlobalSection(ExtensibilityGlobals) = postSolution
		SolutionGuid = {FB49C673-028E-4CC9-9843-1A763E60E7BE}
	EndGlobalSection
EndGlobal
