
Microsoft Visual Studio Solution File, Format Version 12.00
# Visual Studio Version 17
VisualStudioVersion = 17.9.34622.214
MinimumVisualStudioVersion = 10.0.40219.1
Project("{9A19103F-16F7-4668-BE54-9A1E7A4F7556}") = "TodosApi", "TodosApi\TodosApi.csproj", "{3B823468-6A7E-4300-95D3-328ADCFCEED4}"
EndProject
Project("{9A19103F-16F7-4668-BE54-9A1E7A4F7556}") = "TodosApi.ContractTests", "TodosApi.ContractTests\TodosApi.ContractTests.csproj", "{6A0CB867-0869-41A7-95C4-A95984C2801C}"
EndProject
Project("{FAE04EC0-301F-11D3-BF4B-00C04F79EFBC}") = "TodosApi.UnitTests", "TodosApi.UnitTests\TodosApi.UnitTests.csproj", "{513462A3-E599-40C2-B4CD-CFE6059976C6}"
EndProject
Global
	GlobalSection(SolutionConfigurationPlatforms) = preSolution
		Debug|Any CPU = Debug|Any CPU
		Release|Any CPU = Release|Any CPU
	EndGlobalSection
	GlobalSection(ProjectConfigurationPlatforms) = postSolution
		{3B823468-6A7E-4300-95D3-328ADCFCEED4}.Debug|Any CPU.ActiveCfg = Debug|Any CPU
		{3B823468-6A7E-4300-95D3-328ADCFCEED4}.Debug|Any CPU.Build.0 = Debug|Any CPU
		{3B823468-6A7E-4300-95D3-328ADCFCEED4}.Release|Any CPU.ActiveCfg = Release|Any CPU
		{3B823468-6A7E-4300-95D3-328ADCFCEED4}.Release|Any CPU.Build.0 = Release|Any CPU
		{6A0CB867-0869-41A7-95C4-A95984C2801C}.Debug|Any CPU.ActiveCfg = Debug|Any CPU
		{6A0CB867-0869-41A7-95C4-A95984C2801C}.Debug|Any CPU.Build.0 = Debug|Any CPU
		{6A0CB867-0869-41A7-95C4-A95984C2801C}.Release|Any CPU.ActiveCfg = Release|Any CPU
		{6A0CB867-0869-41A7-95C4-A95984C2801C}.Release|Any CPU.Build.0 = Release|Any CPU
		{513462A3-E599-40C2-B4CD-CFE6059976C6}.Debug|Any CPU.ActiveCfg = Debug|Any CPU
		{513462A3-E599-40C2-B4CD-CFE6059976C6}.Debug|Any CPU.Build.0 = Debug|Any CPU
		{513462A3-E599-40C2-B4CD-CFE6059976C6}.Release|Any CPU.ActiveCfg = Release|Any CPU
		{513462A3-E599-40C2-B4CD-CFE6059976C6}.Release|Any CPU.Build.0 = Release|Any CPU
	EndGlobalSection
	GlobalSection(SolutionProperties) = preSolution
		HideSolutionNode = FALSE
	EndGlobalSection
	GlobalSection(ExtensibilityGlobals) = postSolution
		SolutionGuid = {270286EB-971F-4F43-AFDB-DBEF251D0F0F}
	EndGlobalSection
EndGlobal
