
Microsoft Visual Studio Solution File, Format Version 12.00
# Visual Studio Version 17
VisualStudioVersion = 17.9.34622.214
MinimumVisualStudioVersion = 10.0.40219.1
Project("{FAE04EC0-301F-11D3-BF4B-00C04F79EFBC}") = "Banking.UnitTests", "Banking.UnitTests\Banking.UnitTests.csproj", "{804E15FE-F98A-4A9D-9F44-B94E155172A3}"
EndProject
Project("{FAE04EC0-301F-11D3-BF4B-00C04F79EFBC}") = "Bank", "Bank\Bank.csproj", "{A5C382AF-F2D5-40A5-A80D-62CED742D73A}"
EndProject
Global
	GlobalSection(SolutionConfigurationPlatforms) = preSolution
		Debug|Any CPU = Debug|Any CPU
		Release|Any CPU = Release|Any CPU
	EndGlobalSection
	GlobalSection(ProjectConfigurationPlatforms) = postSolution
		{804E15FE-F98A-4A9D-9F44-B94E155172A3}.Debug|Any CPU.ActiveCfg = Debug|Any CPU
		{804E15FE-F98A-4A9D-9F44-B94E155172A3}.Debug|Any CPU.Build.0 = Debug|Any CPU
		{804E15FE-F98A-4A9D-9F44-B94E155172A3}.Release|Any CPU.ActiveCfg = Release|Any CPU
		{804E15FE-F98A-4A9D-9F44-B94E155172A3}.Release|Any CPU.Build.0 = Release|Any CPU
		{A5C382AF-F2D5-40A5-A80D-62CED742D73A}.Debug|Any CPU.ActiveCfg = Debug|Any CPU
		{A5C382AF-F2D5-40A5-A80D-62CED742D73A}.Debug|Any CPU.Build.0 = Debug|Any CPU
		{A5C382AF-F2D5-40A5-A80D-62CED742D73A}.Release|Any CPU.ActiveCfg = Release|Any CPU
		{A5C382AF-F2D5-40A5-A80D-62CED742D73A}.Release|Any CPU.Build.0 = Release|Any CPU
	EndGlobalSection
	GlobalSection(SolutionProperties) = preSolution
		HideSolutionNode = FALSE
	EndGlobalSection
	GlobalSection(ExtensibilityGlobals) = postSolution
		SolutionGuid = {F1A1D52F-68C5-47BD-A934-50A2562C211D}
	EndGlobalSection
EndGlobal
